
Microsoft Visual Studio Solution File, Format Version 12.00
# Visual Studio Version 16
VisualStudioVersion = 16.0.31205.134
MinimumVisualStudioVersion = 10.0.40219.1
Project("{FAE04EC0-301F-11D3-BF4B-00C04F79EFBC}") = "ControlsDemo", "ControlsDemo\ControlsDemo.csproj", "{673DC62E-9E0D-4734-933B-2637D981B45E}"
EndProject
Global
	GlobalSection(SolutionConfigurationPlatforms) = preSolution
		Debug|Any CPU = Debug|Any CPU
		Release|Any CPU = Release|Any CPU
	EndGlobalSection
	GlobalSection(ProjectConfigurationPlatforms) = postSolution
		{673DC62E-9E0D-4734-933B-2637D981B45E}.Debug|Any CPU.ActiveCfg = Debug|Any CPU
		{673DC62E-9E0D-4734-933B-2637D981B45E}.Debug|Any CPU.Build.0 = Debug|Any CPU
		{673DC62E-9E0D-4734-933B-2637D981B45E}.Release|Any CPU.ActiveCfg = Release|Any CPU
		{673DC62E-9E0D-4734-933B-2637D981B45E}.Release|Any CPU.Build.0 = Release|Any CPU
	EndGlobalSection
	GlobalSection(SolutionProperties) = preSolution
		HideSolutionNode = FALSE
	EndGlobalSection
	GlobalSection(ExtensibilityGlobals) = postSolution
		SolutionGuid = {822C3A80-7633-4B7F-8D19-DDA1B9A80612}
	EndGlobalSection
EndGlobal
